
Microsoft Visual Studio Solution File, Format Version 12.00
# Visual Studio Version 17
VisualStudioVersion = 17.2.32616.157
MinimumVisualStudioVersion = 10.0.40219.1
Project("{9A19103F-16F7-4668-BE54-9A1E7A4F7556}") = "PieCodeErp", "PieCodeErp\PieCodeErp.csproj", "{DFBED1FE-7633-411F-BB84-DC3D17F26E45}"
EndProject
Project("{9A19103F-16F7-4668-BE54-9A1E7A4F7556}") = "PiecodeERP.Data", "PiecodeERP.Data\PiecodeERP.Data.csproj", "{AE821521-8DA8-48F9-9FFF-737903A15FC7}"
EndProject
Project("{9A19103F-16F7-4668-BE54-9A1E7A4F7556}") = "PieCodeERP.Repo", "PieCodeERP.Repo\PieCodeERP.Repo.csproj", "{F64755E6-C481-4E2F-BF25-1F50BB1FA5BD}"
EndProject
Project("{9A19103F-16F7-4668-BE54-9A1E7A4F7556}") = "PieCodeERP.Service", "PieCodeERP.Service\PieCodeERP.Service.csproj", "{BB6830A2-87E4-4C0D-B504-1B4144B96F4E}"
EndProject
Project("{9A19103F-16F7-4668-BE54-9A1E7A4F7556}") = "PieCodeERP.ViewModel", "PieCodeERP.ViewModel\PieCodeERP.ViewModel.csproj", "{07E8F140-140A-4F1B-BDCA-C957E1A64489}"
EndProject
Global
	GlobalSection(SolutionConfigurationPlatforms) = preSolution
		Debug|Any CPU = Debug|Any CPU
		Release|Any CPU = Release|Any CPU
	EndGlobalSection
	GlobalSection(ProjectConfigurationPlatforms) = postSolution
		{DFBED1FE-7633-411F-BB84-DC3D17F26E45}.Debug|Any CPU.ActiveCfg = Debug|Any CPU
		{DFBED1FE-7633-411F-BB84-DC3D17F26E45}.Debug|Any CPU.Build.0 = Debug|Any CPU
		{DFBED1FE-7633-411F-BB84-DC3D17F26E45}.Release|Any CPU.ActiveCfg = Release|Any CPU
		{DFBED1FE-7633-411F-BB84-DC3D17F26E45}.Release|Any CPU.Build.0 = Release|Any CPU
		{AE821521-8DA8-48F9-9FFF-737903A15FC7}.Debug|Any CPU.ActiveCfg = Debug|Any CPU
		{AE821521-8DA8-48F9-9FFF-737903A15FC7}.Debug|Any CPU.Build.0 = Debug|Any CPU
		{AE821521-8DA8-48F9-9FFF-737903A15FC7}.Release|Any CPU.ActiveCfg = Release|Any CPU
		{AE821521-8DA8-48F9-9FFF-737903A15FC7}.Release|Any CPU.Build.0 = Release|Any CPU
		{F64755E6-C481-4E2F-BF25-1F50BB1FA5BD}.Debug|Any CPU.ActiveCfg = Debug|Any CPU
		{F64755E6-C481-4E2F-BF25-1F50BB1FA5BD}.Debug|Any CPU.Build.0 = Debug|Any CPU
		{F64755E6-C481-4E2F-BF25-1F50BB1FA5BD}.Release|Any CPU.ActiveCfg = Release|Any CPU
		{F64755E6-C481-4E2F-BF25-1F50BB1FA5BD}.Release|Any CPU.Build.0 = Release|Any CPU
		{BB6830A2-87E4-4C0D-B504-1B4144B96F4E}.Debug|Any CPU.ActiveCfg = Debug|Any CPU
		{BB6830A2-87E4-4C0D-B504-1B4144B96F4E}.Debug|Any CPU.Build.0 = Debug|Any CPU
		{BB6830A2-87E4-4C0D-B504-1B4144B96F4E}.Release|Any CPU.ActiveCfg = Release|Any CPU
		{BB6830A2-87E4-4C0D-B504-1B4144B96F4E}.Release|Any CPU.Build.0 = Release|Any CPU
		{07E8F140-140A-4F1B-BDCA-C957E1A64489}.Debug|Any CPU.ActiveCfg = Debug|Any CPU
		{07E8F140-140A-4F1B-BDCA-C957E1A64489}.Debug|Any CPU.Build.0 = Debug|Any CPU
		{07E8F140-140A-4F1B-BDCA-C957E1A64489}.Release|Any CPU.ActiveCfg = Release|Any CPU
		{07E8F140-140A-4F1B-BDCA-C957E1A64489}.Release|Any CPU.Build.0 = Release|Any CPU
	EndGlobalSection
	GlobalSection(SolutionProperties) = preSolution
		HideSolutionNode = FALSE
	EndGlobalSection
	GlobalSection(ExtensibilityGlobals) = postSolution
		SolutionGuid = {2163D424-81C3-4E51-BB9B-240BD736E10D}
	EndGlobalSection
EndGlobal
