
Microsoft Visual Studio Solution File, Format Version 12.00
# Visual Studio Version 17
VisualStudioVersion = 17.2.32616.157
MinimumVisualStudioVersion = 10.0.40219.1
Project("{9A19103F-16F7-4668-BE54-9A1E7A4F7556}") = "PieCodeErp", "PieCodeErp.csproj", "{340FCF06-AC8E-489B-8158-A5A1762DF469}"
EndProject
Project("{9A19103F-16F7-4668-BE54-9A1E7A4F7556}") = "PiecodeERP.Data", "..\PiecodeERP.Data\PiecodeERP.Data.csproj", "{7FA8201D-C911-4E95-BA20-2E16EAAAAD66}"
EndProject
Project("{9A19103F-16F7-4668-BE54-9A1E7A4F7556}") = "PieCodeERP.Repo", "..\PieCodeERP.Repo\PieCodeERP.Repo.csproj", "{19ED26A7-B375-4987-A167-09A461F8637F}"
EndProject
Project("{9A19103F-16F7-4668-BE54-9A1E7A4F7556}") = "PieCodeERP.Service", "..\PieCodeERP.Service\PieCodeERP.Service.csproj", "{A33311B9-7ADC-4BCD-ABFE-3BB5B93CE187}"
EndProject
Project("{9A19103F-16F7-4668-BE54-9A1E7A4F7556}") = "PieCodeERP.ViewModel", "..\PieCodeERP.ViewModel\PieCodeERP.ViewModel.csproj", "{53C1F8BD-9FE0-4D04-9E19-B2DBB14C08E8}"
EndProject
Global
	GlobalSection(SolutionConfigurationPlatforms) = preSolution
		Debug|Any CPU = Debug|Any CPU
		Release|Any CPU = Release|Any CPU
	EndGlobalSection
	GlobalSection(ProjectConfigurationPlatforms) = postSolution
		{340FCF06-AC8E-489B-8158-A5A1762DF469}.Debug|Any CPU.ActiveCfg = Debug|Any CPU
		{340FCF06-AC8E-489B-8158-A5A1762DF469}.Debug|Any CPU.Build.0 = Debug|Any CPU
		{340FCF06-AC8E-489B-8158-A5A1762DF469}.Release|Any CPU.ActiveCfg = Release|Any CPU
		{340FCF06-AC8E-489B-8158-A5A1762DF469}.Release|Any CPU.Build.0 = Release|Any CPU
		{7FA8201D-C911-4E95-BA20-2E16EAAAAD66}.Debug|Any CPU.ActiveCfg = Debug|Any CPU
		{7FA8201D-C911-4E95-BA20-2E16EAAAAD66}.Debug|Any CPU.Build.0 = Debug|Any CPU
		{7FA8201D-C911-4E95-BA20-2E16EAAAAD66}.Release|Any CPU.ActiveCfg = Release|Any CPU
		{7FA8201D-C911-4E95-BA20-2E16EAAAAD66}.Release|Any CPU.Build.0 = Release|Any CPU
		{19ED26A7-B375-4987-A167-09A461F8637F}.Debug|Any CPU.ActiveCfg = Debug|Any CPU
		{19ED26A7-B375-4987-A167-09A461F8637F}.Debug|Any CPU.Build.0 = Debug|Any CPU
		{19ED26A7-B375-4987-A167-09A461F8637F}.Release|Any CPU.ActiveCfg = Release|Any CPU
		{19ED26A7-B375-4987-A167-09A461F8637F}.Release|Any CPU.Build.0 = Release|Any CPU
		{A33311B9-7ADC-4BCD-ABFE-3BB5B93CE187}.Debug|Any CPU.ActiveCfg = Debug|Any CPU
		{A33311B9-7ADC-4BCD-ABFE-3BB5B93CE187}.Debug|Any CPU.Build.0 = Debug|Any CPU
		{A33311B9-7ADC-4BCD-ABFE-3BB5B93CE187}.Release|Any CPU.ActiveCfg = Release|Any CPU
		{A33311B9-7ADC-4BCD-ABFE-3BB5B93CE187}.Release|Any CPU.Build.0 = Release|Any CPU
		{53C1F8BD-9FE0-4D04-9E19-B2DBB14C08E8}.Debug|Any CPU.ActiveCfg = Debug|Any CPU
		{53C1F8BD-9FE0-4D04-9E19-B2DBB14C08E8}.Debug|Any CPU.Build.0 = Debug|Any CPU
		{53C1F8BD-9FE0-4D04-9E19-B2DBB14C08E8}.Release|Any CPU.ActiveCfg = Release|Any CPU
		{53C1F8BD-9FE0-4D04-9E19-B2DBB14C08E8}.Release|Any CPU.Build.0 = Release|Any CPU
	EndGlobalSection
	GlobalSection(SolutionProperties) = preSolution
		HideSolutionNode = FALSE
	EndGlobalSection
	GlobalSection(ExtensibilityGlobals) = postSolution
		SolutionGuid = {0B5C97E3-2B1F-40B7-95E3-03F833D577AC}
	EndGlobalSection
EndGlobal
